// !$*UTF8*$!
{
	archiveVersion = 1;
	classes = {
	};
	objectVersion = 50;
	objects = {

/* Begin PBXBuildFile section */
		ECDBE5132088BD4F00C124B3 /* AppDelegate.swift in Sources */ = {isa = PBXBuildFile; fileRef = ECDBE5122088BD4F00C124B3 /* AppDelegate.swift */; };
		ECDBE5152088BD5000C124B3 /* ViewController.swift in Sources */ = {isa = PBXBuildFile; fileRef = ECDBE5142088BD5000C124B3 /* ViewController.swift */; };
		ECDBE5182088BD5000C124B3 /* Main.storyboard in Resources */ = {isa = PBXBuildFile; fileRef = ECDBE5162088BD5000C124B3 /* Main.storyboard */; };
		ECDBE51D2088BD5300C124B3 /* Assets.xcassets in Resources */ = {isa = PBXBuildFile; fileRef = ECDBE51C2088BD5300C124B3 /* Assets.xcassets */; };
		ECDBE5202088BD5300C124B3 /* LaunchScreen.storyboard in Resources */ = {isa = PBXBuildFile; fileRef = ECDBE51E2088BD5300C124B3 /* LaunchScreen.storyboard */; };
		ECDBE5292088BD5300C124B3 /* _7_CoreData.xcdatamodeld in Sources */ = {isa = PBXBuildFile; fileRef = ECDBE5272088BD5300C124B3 /* _7_CoreData.xcdatamodeld */; };
/* End PBXBuildFile section */

/* Begin PBXFileReference section */
		ECDBE50F2088BD4F00C124B3 /* 07_CoreData.app */ = {isa = PBXFileReference; explicitFileType = wrapper.application; includeInIndex = 0; path = 07_CoreData.app; sourceTree = BUILT_PRODUCTS_DIR; };
		ECDBE5122088BD4F00C124B3 /* AppDelegate.swift */ = {isa = PBXFileReference; lastKnownFileType = sourcecode.swift; path = AppDelegate.swift; sourceTree = "<group>"; };
		ECDBE5142088BD5000C124B3 /* ViewController.swift */ = {isa = PBXFileReference; lastKnownFileType = sourcecode.swift; path = ViewController.swift; sourceTree = "<group>"; };
		ECDBE5172088BD5000C124B3 /* Base */ = {isa = PBXFileReference; lastKnownFileType = file.storyboard; name = Base; path = Base.lproj/Main.storyboard; sourceTree = "<group>"; };
		ECDBE51C2088BD5300C124B3 /* Assets.xcassets */ = {isa = PBXFileReference; lastKnownFileType = folder.assetcatalog; path = Assets.xcassets; sourceTree = "<group>"; };
		ECDBE51F2088BD5300C124B3 /* Base */ = {isa = PBXFileReference; lastKnownFileType = file.storyboard; name = Base; path = Base.lproj/LaunchScreen.storyboard; sourceTree = "<group>"; };
		ECDBE5212088BD5300C124B3 /* Info.plist */ = {isa = PBXFileReference; lastKnownFileType = text.plist.xml; path = Info.plist; sourceTree = "<group>"; };
		ECDBE5282088BD5300C124B3 /* toto.xcdatamodel */ = {isa = PBXFileReference; lastKnownFileType = wrapper.xcdatamodel; path = toto.xcdatamodel; sourceTree = "<group>"; };
/* End PBXFileReference section */

/* Begin PBXFrameworksBuildPhase section */
		ECDBE50C2088BD4F00C124B3 /* Frameworks */ = {
			isa = PBXFrameworksBuildPhase;
			buildActionMask = 2147483647;
			files = (
			);
			runOnlyForDeploymentPostprocessing = 0;
		};
/* End PBXFrameworksBuildPhase section */

/* Begin PBXGroup section */
		ECDBE5062088BD4F00C124B3 = {
			isa = PBXGroup;
			children = (
				ECDBE5112088BD4F00C124B3 /* 07_CoreData */,
				ECDBE5102088BD4F00C124B3 /* Products */,
			);
			sourceTree = "<group>";
		};
		ECDBE5102088BD4F00C124B3 /* Products */ = {
			isa = PBXGroup;
			children = (
				ECDBE50F2088BD4F00C124B3 /* 07_CoreData.app */,
			);
			name = Products;
			sourceTree = "<group>";
		};
		ECDBE5112088BD4F00C124B3 /* 07_CoreData */ = {
			isa = PBXGroup;
			children = (
				ECDBE5122088BD4F00C124B3 /* AppDelegate.swift */,
				ECDBE5142088BD5000C124B3 /* ViewController.swift */,
				ECDBE5162088BD5000C124B3 /* Main.storyboard */,
				ECDBE51C2088BD5300C124B3 /* Assets.xcassets */,
				ECDBE51E2088BD5300C124B3 /* LaunchScreen.storyboard */,
				ECDBE5212088BD5300C124B3 /* Info.plist */,
				ECDBE5272088BD5300C124B3 /* _7_CoreData.xcdatamodeld */,
			);
			path = 07_CoreData;
			sourceTree = "<group>";
		};
/* End PBXGroup section */

/* Begin PBXNativeTarget section */
		ECDBE50E2088BD4F00C124B3 /* 07_CoreData */ = {
			isa = PBXNativeTarget;
			buildConfigurationList = ECDBE5242088BD5300C124B3 /* Build configuration list for PBXNativeTarget "07_CoreData" */;
			buildPhases = (
				ECDBE50B2088BD4F00C124B3 /* Sources */,
				ECDBE50C2088BD4F00C124B3 /* Frameworks */,
				ECDBE50D2088BD4F00C124B3 /* Resources */,
			);
			buildRules = (
			);
			dependencies = (
			);
			name = 07_CoreData;
			productName = 07_CoreData;
			productReference = ECDBE50F2088BD4F00C124B3 /* 07_CoreData.app */;
			productType = "com.apple.product-type.application";
		};
/* End PBXNativeTarget section */

/* Begin PBXProject section */
		ECDBE5072088BD4F00C124B3 /* Project object */ = {
			isa = PBXProject;
			attributes = {
				LastSwiftUpdateCheck = 0930;
				LastUpgradeCheck = 0930;
				ORGANIZATIONNAME = Ipssi;
				TargetAttributes = {
					ECDBE50E2088BD4F00C124B3 = {
						CreatedOnToolsVersion = 9.3;
					};
				};
			};
			buildConfigurationList = ECDBE50A2088BD4F00C124B3 /* Build configuration list for PBXProject "07_CoreData" */;
			compatibilityVersion = "Xcode 9.3";
			developmentRegion = en;
			hasScannedForEncodings = 0;
			knownRegions = (
				en,
				Base,
			);
			mainGroup = ECDBE5062088BD4F00C124B3;
			productRefGroup = ECDBE5102088BD4F00C124B3 /* Products */;
			projectDirPath = "";
			projectRoot = "";
			targets = (
				ECDBE50E2088BD4F00C124B3 /* 07_CoreData */,
			);
		};
/* End PBXProject section */

/* Begin PBXResourcesBuildPhase section */
		ECDBE50D2088BD4F00C124B3 /* Resources */ = {
			isa = PBXResourcesBuildPhase;
			buildActionMask = 2147483647;
			files = (
				ECDBE5202088BD5300C124B3 /* LaunchScreen.storyboard in Resources */,
				ECDBE51D2088BD5300C124B3 /* Assets.xcassets in Resources */,
				ECDBE5182088BD5000C124B3 /* Main.storyboard in Resources */,
			);
			runOnlyForDeploymentPostprocessing = 0;
		};
/* End PBXResourcesBuildPhase section */

/* Begin PBXSourcesBuildPhase section */
		ECDBE50B2088BD4F00C124B3 /* Sources */ = {
			isa = PBXSourcesBuildPhase;
			buildActionMask = 2147483647;
			files = (
				ECDBE5152088BD5000C124B3 /* ViewController.swift in Sources */,
				ECDBE5292088BD5300C124B3 /* _7_CoreData.xcdatamodeld in Sources */,
				ECDBE5132088BD4F00C124B3 /* AppDelegate.swift in Sources */,
			);
			runOnlyForDeploymentPostprocessing = 0;
		};
/* End PBXSourcesBuildPhase section */

/* Begin PBXVariantGroup section */
		ECDBE5162088BD5000C124B3 /* Main.storyboard */ = {
			isa = PBXVariantGroup;
			children = (
				ECDBE5172088BD5000C124B3 /* Base */,
			);
			name = Main.storyboard;
			sourceTree = "<group>";
		};
		ECDBE51E2088BD5300C124B3 /* LaunchScreen.storyboard */ = {
			isa = PBXVariantGroup;
			children = (
				ECDBE51F2088BD5300C124B3 /* Base */,
			);
			name = LaunchScreen.storyboard;
			sourceTree = "<group>";
		};
/* End PBXVariantGroup section */

/* Begin XCBuildConfiguration section */
		ECDBE5222088BD5300C124B3 /* Debug */ = {
			isa = XCBuildConfiguration;
			buildSettings = {
				ALWAYS_SEARCH_USER_PATHS = NO;
				CLANG_ANALYZER_NONNULL = YES;
				CLANG_ANALYZER_NUMBER_OBJECT_CONVERSION = YES_AGGRESSIVE;
				CLANG_CXX_LANGUAGE_STANDARD = "gnu++14";
				CLANG_CXX_LIBRARY = "libc++";
				CLANG_ENABLE_MODULES = YES;
				CLANG_ENABLE_OBJC_ARC = YES;
				CLANG_ENABLE_OBJC_WEAK = YES;
				CLANG_WARN_BLOCK_CAPTURE_AUTORELEASING = YES;
				CLANG_WARN_BOOL_CONVERSION = YES;
				CLANG_WARN_COMMA = YES;
				CLANG_WARN_CONSTANT_CONVERSION = YES;
				CLANG_WARN_DEPRECATED_OBJC_IMPLEMENTATIONS = YES;
				CLANG_WARN_DIRECT_OBJC_ISA_USAGE = YES_ERROR;
				CLANG_WARN_DOCUMENTATION_COMMENTS = YES;
				CLANG_WARN_EMPTY_BODY = YES;
				CLANG_WARN_ENUM_CONVERSION = YES;
				CLANG_WARN_INFINITE_RECURSION = YES;
				CLANG_WARN_INT_CONVERSION = YES;
				CLANG_WARN_NON_LITERAL_NULL_CONVERSION = YES;
				CLANG_WARN_OBJC_IMPLICIT_RETAIN_SELF = YES;
				CLANG_WARN_OBJC_LITERAL_CONVERSION = YES;
				CLANG_WARN_OBJC_ROOT_CLASS = YES_ERROR;
				CLANG_WARN_RANGE_LOOP_ANALYSIS = YES;
				CLANG_WARN_STRICT_PROTOTYPES = YES;
				CLANG_WARN_SUSPICIOUS_MOVE = YES;
				CLANG_WARN_UNGUARDED_AVAILABILITY = YES_AGGRESSIVE;
				CLANG_WARN_UNREACHABLE_CODE = YES;
				CLANG_WARN__DUPLICATE_METHOD_MATCH = YES;
				CODE_SIGN_IDENTITY = "iPhone Developer";
				COPY_PHASE_STRIP = NO;
				DEBUG_INFORMATION_FORMAT = dwarf;
				ENABLE_STRICT_OBJC_MSGSEND = YES;
				ENABLE_TESTABILITY = YES;
				GCC_C_LANGUAGE_STANDARD = gnu11;
				GCC_DYNAMIC_NO_PIC = NO;
				GCC_NO_COMMON_BLOCKS = YES;
				GCC_OPTIMIZATION_LEVEL = 0;
				GCC_PREPROCESSOR_DEFINITIONS = (
					"DEBUG=1",
					"$(inherited)",
				);
				GCC_WARN_64_TO_32_BIT_CONVERSION = YES;
				GCC_WARN_ABOUT_RETURN_TYPE = YES_ERROR;
				GCC_WARN_UNDECLARED_SELECTOR = YES;
				GCC_WARN_UNINITIALIZED_AUTOS = YES_AGGRESSIVE;
				GCC_WARN_UNUSED_FUNCTION = YES;
				GCC_WARN_UNUSED_VARIABLE = YES;
				IPHONEOS_DEPLOYMENT_TARGET = 11.3;
				MTL_ENABLE_DEBUG_INFO = YES;
				ONLY_ACTIVE_ARCH = YES;
				SDKROOT = iphoneos;
				SWIFT_ACTIVE_COMPILATION_CONDITIONS = DEBUG;
				SWIFT_OPTIMIZATION_LEVEL = "-Onone";
			};
			name = Debug;
		};
		ECDBE5232088BD5300C124B3 /* Release */ = {
			isa = XCBuildConfiguration;
			buildSettings = {
				ALWAYS_SEARCH_USER_PATHS = NO;
				CLANG_ANALYZER_NONNULL = YES;
				CLANG_ANALYZER_NUMBER_OBJECT_CONVERSION = YES_AGGRESSIVE;
				CLANG_CXX_LANGUAGE_STANDARD = "gnu++14";
				CLANG_CXX_LIBRARY = "libc++";
				CLANG_ENABLE_MODULES = YES;
				CLANG_ENABLE_OBJC_ARC = YES;
				CLANG_ENABLE_OBJC_WEAK = YES;
				CLANG_WARN_BLOCK_CAPTURE_AUTORELEASING = YES;
				CLANG_WARN_BOOL_CONVERSION = YES;
				CLANG_WARN_COMMA = YES;
				CLANG_WARN_CONSTANT_CONVERSION = YES;
				CLANG_WARN_DEPRECATED_OBJC_IMPLEMENTATIONS = YES;
				CLANG_WARN_DIRECT_OBJC_ISA_USAGE = YES_ERROR;
				CLANG_WARN_DOCUMENTATION_COMMENTS = YES;
				CLANG_WARN_EMPTY_BODY = YES;
				CLANG_WARN_ENUM_CONVERSION = YES;
				CLANG_WARN_INFINITE_RECURSION = YES;
				CLANG_WARN_INT_CONVERSION = YES;
				CLANG_WARN_NON_LITERAL_NULL_CONVERSION = YES;
				CLANG_WARN_OBJC_IMPLICIT_RETAIN_SELF = YES;
				CLANG_WARN_OBJC_LITERAL_CONVERSION = YES;
				CLANG_WARN_OBJC_ROOT_CLASS = YES_ERROR;
				CLANG_WARN_RANGE_LOOP_ANALYSIS = YES;
				CLANG_WARN_STRICT_PROTOTYPES = YES;
				CLANG_WARN_SUSPICIOUS_MOVE = YES;
				CLANG_WARN_UNGUARDED_AVAILABILITY = YES_AGGRESSIVE;
				CLANG_WARN_UNREACHABLE_CODE = YES;
				CLANG_WARN__DUPLICATE_METHOD_MATCH = YES;
				CODE_SIGN_IDENTITY = "iPhone Developer";
				COPY_PHASE_STRIP = NO;
				DEBUG_INFORMATION_FORMAT = "dwarf-with-dsym";
				ENABLE_NS_ASSERTIONS = NO;
				ENABLE_STRICT_OBJC_MSGSEND = YES;
				GCC_C_LANGUAGE_STANDARD = gnu11;
				GCC_NO_COMMON_BLOCKS = YES;
				GCC_WARN_64_TO_32_BIT_CONVERSION = YES;
				GCC_WARN_ABOUT_RETURN_TYPE = YES_ERROR;
				GCC_WARN_UNDECLARED_SELECTOR = YES;
				GCC_WARN_UNINITIALIZED_AUTOS = YES_AGGRESSIVE;
				GCC_WARN_UNUSED_FUNCTION = YES;
				GCC_WARN_UNUSED_VARIABLE = YES;
				IPHONEOS_DEPLOYMENT_TARGET = 11.3;
				MTL_ENABLE_DEBUG_INFO = NO;
				SDKROOT = iphoneos;
				SWIFT_COMPILATION_MODE = wholemodule;
				SWIFT_OPTIMIZATION_LEVEL = "-O";
				VALIDATE_PRODUCT = YES;
			};
			name = Release;
		};
		ECDBE5252088BD5300C124B3 /* Debug */ = {
			isa = XCBuildConfiguration;
			buildSettings = {
				ASSETCATALOG_COMPILER_APPICON_NAME = AppIcon;
				CODE_SIGN_STYLE = Automatic;
				DEVELOPMENT_TEAM = LPRV5LS6DS;
				INFOPLIST_FILE = 07_CoreData/Info.plist;
				LD_RUNPATH_SEARCH_PATHS = (
					"$(inherited)",
					"@executable_path/Frameworks",
				);
				PRODUCT_BUNDLE_IDENTIFIER = fr.ipssi.formation;
				PRODUCT_NAME = "$(TARGET_NAME)";
				SWIFT_VERSION = 4.0;
				TARGETED_DEVICE_FAMILY = "1,2";
			};
			name = Debug;
		};
		ECDBE5262088BD5300C124B3 /* Release */ = {
			isa = XCBuildConfiguration;
			buildSettings = {
				ASSETCATALOG_COMPILER_APPICON_NAME = AppIcon;
				CODE_SIGN_STYLE = Automatic;
				DEVELOPMENT_TEAM = LPRV5LS6DS;
				INFOPLIST_FILE = 07_CoreData/Info.plist;
				LD_RUNPATH_SEARCH_PATHS = (
					"$(inherited)",
					"@executable_path/Frameworks",
				);
				PRODUCT_BUNDLE_IDENTIFIER = fr.ipssi.formation;
				PRODUCT_NAME = "$(TARGET_NAME)";
				SWIFT_VERSION = 4.0;
				TARGETED_DEVICE_FAMILY = "1,2";
			};
			name = Release;
		};
/* End XCBuildConfiguration section */

/* Begin XCConfigurationList section */
		ECDBE50A2088BD4F00C124B3 /* Build configuration list for PBXProject "07_CoreData" */ = {
			isa = XCConfigurationList;
			buildConfigurations = (
				ECDBE5222088BD5300C124B3 /* Debug */,
				ECDBE5232088BD5300C124B3 /* Release */,
			);
			defaultConfigurationIsVisible = 0;
			defaultConfigurationName = Release;
		};
		ECDBE5242088BD5300C124B3 /* Build configuration list for PBXNativeTarget "07_CoreData" */ = {
			isa = XCConfigurationList;
			buildConfigurations = (
				ECDBE5252088BD5300C124B3 /* Debug */,
				ECDBE5262088BD5300C124B3 /* Release */,
			);
			defaultConfigurationIsVisible = 0;
			defaultConfigurationName = Release;
		};
/* End XCConfigurationList section */

/* Begin XCVersionGroup section */
		ECDBE5272088BD5300C124B3 /* _7_CoreData.xcdatamodeld */ = {
			isa = XCVersionGroup;
			children = (
				ECDBE5282088BD5300C124B3 /* toto.xcdatamodel */,
			);
			currentVersion = ECDBE5282088BD5300C124B3 /* toto.xcdatamodel */;
			path = _7_CoreData.xcdatamodeld;
			sourceTree = "<group>";
			versionGroupType = wrapper.xcdatamodel;
		};
/* End XCVersionGroup section */
	};
	rootObject = ECDBE5072088BD4F00C124B3 /* Project object */;
}
