// !$*UTF8*$!
{
	archiveVersion = 1;
	classes = {
	};
	objectVersion = 50;
	objects = {

/* Begin PBXBuildFile section */
		EC0B8D6E2089E37E000D04AC /* AppDelegate.swift in Sources */ = {isa = PBXBuildFile; fileRef = EC0B8D6D2089E37E000D04AC /* AppDelegate.swift */; };
		EC0B8D702089E37E000D04AC /* ViewController.swift in Sources */ = {isa = PBXBuildFile; fileRef = EC0B8D6F2089E37E000D04AC /* ViewController.swift */; };
		EC0B8D732089E37E000D04AC /* Main.storyboard in Resources */ = {isa = PBXBuildFile; fileRef = EC0B8D712089E37E000D04AC /* Main.storyboard */; };
		EC0B8D762089E37E000D04AC /* _8_CoreDataAvecAssociations.xcdatamodeld in Sources */ = {isa = PBXBuildFile; fileRef = EC0B8D742089E37E000D04AC /* _8_CoreDataAvecAssociations.xcdatamodeld */; };
		EC0B8D782089E381000D04AC /* Assets.xcassets in Resources */ = {isa = PBXBuildFile; fileRef = EC0B8D772089E381000D04AC /* Assets.xcassets */; };
		EC0B8D7B2089E381000D04AC /* LaunchScreen.storyboard in Resources */ = {isa = PBXBuildFile; fileRef = EC0B8D792089E381000D04AC /* LaunchScreen.storyboard */; };
/* End PBXBuildFile section */

/* Begin PBXFileReference section */
		EC0B8D6A2089E37E000D04AC /* 08_CoreDataAvecAssociations.app */ = {isa = PBXFileReference; explicitFileType = wrapper.application; includeInIndex = 0; path = 08_CoreDataAvecAssociations.app; sourceTree = BUILT_PRODUCTS_DIR; };
		EC0B8D6D2089E37E000D04AC /* AppDelegate.swift */ = {isa = PBXFileReference; lastKnownFileType = sourcecode.swift; path = AppDelegate.swift; sourceTree = "<group>"; };
		EC0B8D6F2089E37E000D04AC /* ViewController.swift */ = {isa = PBXFileReference; lastKnownFileType = sourcecode.swift; path = ViewController.swift; sourceTree = "<group>"; };
		EC0B8D722089E37E000D04AC /* Base */ = {isa = PBXFileReference; lastKnownFileType = file.storyboard; name = Base; path = Base.lproj/Main.storyboard; sourceTree = "<group>"; };
		EC0B8D752089E37E000D04AC /* _8_CoreDataAvecAssociations.xcdatamodel */ = {isa = PBXFileReference; lastKnownFileType = wrapper.xcdatamodel; path = _8_CoreDataAvecAssociations.xcdatamodel; sourceTree = "<group>"; };
		EC0B8D772089E381000D04AC /* Assets.xcassets */ = {isa = PBXFileReference; lastKnownFileType = folder.assetcatalog; path = Assets.xcassets; sourceTree = "<group>"; };
		EC0B8D7A2089E381000D04AC /* Base */ = {isa = PBXFileReference; lastKnownFileType = file.storyboard; name = Base; path = Base.lproj/LaunchScreen.storyboard; sourceTree = "<group>"; };
		EC0B8D7C2089E381000D04AC /* Info.plist */ = {isa = PBXFileReference; lastKnownFileType = text.plist.xml; path = Info.plist; sourceTree = "<group>"; };
/* End PBXFileReference section */

/* Begin PBXFrameworksBuildPhase section */
		EC0B8D672089E37E000D04AC /* Frameworks */ = {
			isa = PBXFrameworksBuildPhase;
			buildActionMask = 2147483647;
			files = (
			);
			runOnlyForDeploymentPostprocessing = 0;
		};
/* End PBXFrameworksBuildPhase section */

/* Begin PBXGroup section */
		EC0B8D612089E37E000D04AC = {
			isa = PBXGroup;
			children = (
				EC0B8D6C2089E37E000D04AC /* 08_CoreDataAvecAssociations */,
				EC0B8D6B2089E37E000D04AC /* Products */,
			);
			sourceTree = "<group>";
		};
		EC0B8D6B2089E37E000D04AC /* Products */ = {
			isa = PBXGroup;
			children = (
				EC0B8D6A2089E37E000D04AC /* 08_CoreDataAvecAssociations.app */,
			);
			name = Products;
			sourceTree = "<group>";
		};
		EC0B8D6C2089E37E000D04AC /* 08_CoreDataAvecAssociations */ = {
			isa = PBXGroup;
			children = (
				EC0B8D6D2089E37E000D04AC /* AppDelegate.swift */,
				EC0B8D6F2089E37E000D04AC /* ViewController.swift */,
				EC0B8D712089E37E000D04AC /* Main.storyboard */,
				EC0B8D772089E381000D04AC /* Assets.xcassets */,
				EC0B8D792089E381000D04AC /* LaunchScreen.storyboard */,
				EC0B8D7C2089E381000D04AC /* Info.plist */,
				EC0B8D742089E37E000D04AC /* _8_CoreDataAvecAssociations.xcdatamodeld */,
			);
			path = 08_CoreDataAvecAssociations;
			sourceTree = "<group>";
		};
/* End PBXGroup section */

/* Begin PBXNativeTarget section */
		EC0B8D692089E37E000D04AC /* 08_CoreDataAvecAssociations */ = {
			isa = PBXNativeTarget;
			buildConfigurationList = EC0B8D7F2089E381000D04AC /* Build configuration list for PBXNativeTarget "08_CoreDataAvecAssociations" */;
			buildPhases = (
				EC0B8D662089E37E000D04AC /* Sources */,
				EC0B8D672089E37E000D04AC /* Frameworks */,
				EC0B8D682089E37E000D04AC /* Resources */,
			);
			buildRules = (
			);
			dependencies = (
			);
			name = 08_CoreDataAvecAssociations;
			productName = 08_CoreDataAvecAssociations;
			productReference = EC0B8D6A2089E37E000D04AC /* 08_CoreDataAvecAssociations.app */;
			productType = "com.apple.product-type.application";
		};
/* End PBXNativeTarget section */

/* Begin PBXProject section */
		EC0B8D622089E37E000D04AC /* Project object */ = {
			isa = PBXProject;
			attributes = {
				LastSwiftUpdateCheck = 0930;
				LastUpgradeCheck = 0930;
				ORGANIZATIONNAME = Ipssi;
				TargetAttributes = {
					EC0B8D692089E37E000D04AC = {
						CreatedOnToolsVersion = 9.3;
					};
				};
			};
			buildConfigurationList = EC0B8D652089E37E000D04AC /* Build configuration list for PBXProject "08_CoreDataAvecAssociations" */;
			compatibilityVersion = "Xcode 9.3";
			developmentRegion = en;
			hasScannedForEncodings = 0;
			knownRegions = (
				en,
				Base,
			);
			mainGroup = EC0B8D612089E37E000D04AC;
			productRefGroup = EC0B8D6B2089E37E000D04AC /* Products */;
			projectDirPath = "";
			projectRoot = "";
			targets = (
				EC0B8D692089E37E000D04AC /* 08_CoreDataAvecAssociations */,
			);
		};
/* End PBXProject section */

/* Begin PBXResourcesBuildPhase section */
		EC0B8D682089E37E000D04AC /* Resources */ = {
			isa = PBXResourcesBuildPhase;
			buildActionMask = 2147483647;
			files = (
				EC0B8D7B2089E381000D04AC /* LaunchScreen.storyboard in Resources */,
				EC0B8D782089E381000D04AC /* Assets.xcassets in Resources */,
				EC0B8D732089E37E000D04AC /* Main.storyboard in Resources */,
			);
			runOnlyForDeploymentPostprocessing = 0;
		};
/* End PBXResourcesBuildPhase section */

/* Begin PBXSourcesBuildPhase section */
		EC0B8D662089E37E000D04AC /* Sources */ = {
			isa = PBXSourcesBuildPhase;
			buildActionMask = 2147483647;
			files = (
				EC0B8D762089E37E000D04AC /* _8_CoreDataAvecAssociations.xcdatamodeld in Sources */,
				EC0B8D702089E37E000D04AC /* ViewController.swift in Sources */,
				EC0B8D6E2089E37E000D04AC /* AppDelegate.swift in Sources */,
			);
			runOnlyForDeploymentPostprocessing = 0;
		};
/* End PBXSourcesBuildPhase section */

/* Begin PBXVariantGroup section */
		EC0B8D712089E37E000D04AC /* Main.storyboard */ = {
			isa = PBXVariantGroup;
			children = (
				EC0B8D722089E37E000D04AC /* Base */,
			);
			name = Main.storyboard;
			sourceTree = "<group>";
		};
		EC0B8D792089E381000D04AC /* LaunchScreen.storyboard */ = {
			isa = PBXVariantGroup;
			children = (
				EC0B8D7A2089E381000D04AC /* Base */,
			);
			name = LaunchScreen.storyboard;
			sourceTree = "<group>";
		};
/* End PBXVariantGroup section */

/* Begin XCBuildConfiguration section */
		EC0B8D7D2089E381000D04AC /* Debug */ = {
			isa = XCBuildConfiguration;
			buildSettings = {
				ALWAYS_SEARCH_USER_PATHS = NO;
				CLANG_ANALYZER_NONNULL = YES;
				CLANG_ANALYZER_NUMBER_OBJECT_CONVERSION = YES_AGGRESSIVE;
				CLANG_CXX_LANGUAGE_STANDARD = "gnu++14";
				CLANG_CXX_LIBRARY = "libc++";
				CLANG_ENABLE_MODULES = YES;
				CLANG_ENABLE_OBJC_ARC = YES;
				CLANG_ENABLE_OBJC_WEAK = YES;
				CLANG_WARN_BLOCK_CAPTURE_AUTORELEASING = YES;
				CLANG_WARN_BOOL_CONVERSION = YES;
				CLANG_WARN_COMMA = YES;
				CLANG_WARN_CONSTANT_CONVERSION = YES;
				CLANG_WARN_DEPRECATED_OBJC_IMPLEMENTATIONS = YES;
				CLANG_WARN_DIRECT_OBJC_ISA_USAGE = YES_ERROR;
				CLANG_WARN_DOCUMENTATION_COMMENTS = YES;
				CLANG_WARN_EMPTY_BODY = YES;
				CLANG_WARN_ENUM_CONVERSION = YES;
				CLANG_WARN_INFINITE_RECURSION = YES;
				CLANG_WARN_INT_CONVERSION = YES;
				CLANG_WARN_NON_LITERAL_NULL_CONVERSION = YES;
				CLANG_WARN_OBJC_IMPLICIT_RETAIN_SELF = YES;
				CLANG_WARN_OBJC_LITERAL_CONVERSION = YES;
				CLANG_WARN_OBJC_ROOT_CLASS = YES_ERROR;
				CLANG_WARN_RANGE_LOOP_ANALYSIS = YES;
				CLANG_WARN_STRICT_PROTOTYPES = YES;
				CLANG_WARN_SUSPICIOUS_MOVE = YES;
				CLANG_WARN_UNGUARDED_AVAILABILITY = YES_AGGRESSIVE;
				CLANG_WARN_UNREACHABLE_CODE = YES;
				CLANG_WARN__DUPLICATE_METHOD_MATCH = YES;
				CODE_SIGN_IDENTITY = "iPhone Developer";
				COPY_PHASE_STRIP = NO;
				DEBUG_INFORMATION_FORMAT = dwarf;
				ENABLE_STRICT_OBJC_MSGSEND = YES;
				ENABLE_TESTABILITY = YES;
				GCC_C_LANGUAGE_STANDARD = gnu11;
				GCC_DYNAMIC_NO_PIC = NO;
				GCC_NO_COMMON_BLOCKS = YES;
				GCC_OPTIMIZATION_LEVEL = 0;
				GCC_PREPROCESSOR_DEFINITIONS = (
					"DEBUG=1",
					"$(inherited)",
				);
				GCC_WARN_64_TO_32_BIT_CONVERSION = YES;
				GCC_WARN_ABOUT_RETURN_TYPE = YES_ERROR;
				GCC_WARN_UNDECLARED_SELECTOR = YES;
				GCC_WARN_UNINITIALIZED_AUTOS = YES_AGGRESSIVE;
				GCC_WARN_UNUSED_FUNCTION = YES;
				GCC_WARN_UNUSED_VARIABLE = YES;
				IPHONEOS_DEPLOYMENT_TARGET = 11.3;
				MTL_ENABLE_DEBUG_INFO = YES;
				ONLY_ACTIVE_ARCH = YES;
				SDKROOT = iphoneos;
				SWIFT_ACTIVE_COMPILATION_CONDITIONS = DEBUG;
				SWIFT_OPTIMIZATION_LEVEL = "-Onone";
			};
			name = Debug;
		};
		EC0B8D7E2089E381000D04AC /* Release */ = {
			isa = XCBuildConfiguration;
			buildSettings = {
				ALWAYS_SEARCH_USER_PATHS = NO;
				CLANG_ANALYZER_NONNULL = YES;
				CLANG_ANALYZER_NUMBER_OBJECT_CONVERSION = YES_AGGRESSIVE;
				CLANG_CXX_LANGUAGE_STANDARD = "gnu++14";
				CLANG_CXX_LIBRARY = "libc++";
				CLANG_ENABLE_MODULES = YES;
				CLANG_ENABLE_OBJC_ARC = YES;
				CLANG_ENABLE_OBJC_WEAK = YES;
				CLANG_WARN_BLOCK_CAPTURE_AUTORELEASING = YES;
				CLANG_WARN_BOOL_CONVERSION = YES;
				CLANG_WARN_COMMA = YES;
				CLANG_WARN_CONSTANT_CONVERSION = YES;
				CLANG_WARN_DEPRECATED_OBJC_IMPLEMENTATIONS = YES;
				CLANG_WARN_DIRECT_OBJC_ISA_USAGE = YES_ERROR;
				CLANG_WARN_DOCUMENTATION_COMMENTS = YES;
				CLANG_WARN_EMPTY_BODY = YES;
				CLANG_WARN_ENUM_CONVERSION = YES;
				CLANG_WARN_INFINITE_RECURSION = YES;
				CLANG_WARN_INT_CONVERSION = YES;
				CLANG_WARN_NON_LITERAL_NULL_CONVERSION = YES;
				CLANG_WARN_OBJC_IMPLICIT_RETAIN_SELF = YES;
				CLANG_WARN_OBJC_LITERAL_CONVERSION = YES;
				CLANG_WARN_OBJC_ROOT_CLASS = YES_ERROR;
				CLANG_WARN_RANGE_LOOP_ANALYSIS = YES;
				CLANG_WARN_STRICT_PROTOTYPES = YES;
				CLANG_WARN_SUSPICIOUS_MOVE = YES;
				CLANG_WARN_UNGUARDED_AVAILABILITY = YES_AGGRESSIVE;
				CLANG_WARN_UNREACHABLE_CODE = YES;
				CLANG_WARN__DUPLICATE_METHOD_MATCH = YES;
				CODE_SIGN_IDENTITY = "iPhone Developer";
				COPY_PHASE_STRIP = NO;
				DEBUG_INFORMATION_FORMAT = "dwarf-with-dsym";
				ENABLE_NS_ASSERTIONS = NO;
				ENABLE_STRICT_OBJC_MSGSEND = YES;
				GCC_C_LANGUAGE_STANDARD = gnu11;
				GCC_NO_COMMON_BLOCKS = YES;
				GCC_WARN_64_TO_32_BIT_CONVERSION = YES;
				GCC_WARN_ABOUT_RETURN_TYPE = YES_ERROR;
				GCC_WARN_UNDECLARED_SELECTOR = YES;
				GCC_WARN_UNINITIALIZED_AUTOS = YES_AGGRESSIVE;
				GCC_WARN_UNUSED_FUNCTION = YES;
				GCC_WARN_UNUSED_VARIABLE = YES;
				IPHONEOS_DEPLOYMENT_TARGET = 11.3;
				MTL_ENABLE_DEBUG_INFO = NO;
				SDKROOT = iphoneos;
				SWIFT_COMPILATION_MODE = wholemodule;
				SWIFT_OPTIMIZATION_LEVEL = "-O";
				VALIDATE_PRODUCT = YES;
			};
			name = Release;
		};
		EC0B8D802089E381000D04AC /* Debug */ = {
			isa = XCBuildConfiguration;
			buildSettings = {
				ASSETCATALOG_COMPILER_APPICON_NAME = AppIcon;
				CODE_SIGN_STYLE = Automatic;
				DEVELOPMENT_TEAM = LPRV5LS6DS;
				INFOPLIST_FILE = 08_CoreDataAvecAssociations/Info.plist;
				LD_RUNPATH_SEARCH_PATHS = (
					"$(inherited)",
					"@executable_path/Frameworks",
				);
				PRODUCT_BUNDLE_IDENTIFIER = fr.ipssi.formation;
				PRODUCT_NAME = "$(TARGET_NAME)";
				SWIFT_VERSION = 4.0;
				TARGETED_DEVICE_FAMILY = "1,2";
			};
			name = Debug;
		};
		EC0B8D812089E381000D04AC /* Release */ = {
			isa = XCBuildConfiguration;
			buildSettings = {
				ASSETCATALOG_COMPILER_APPICON_NAME = AppIcon;
				CODE_SIGN_STYLE = Automatic;
				DEVELOPMENT_TEAM = LPRV5LS6DS;
				INFOPLIST_FILE = 08_CoreDataAvecAssociations/Info.plist;
				LD_RUNPATH_SEARCH_PATHS = (
					"$(inherited)",
					"@executable_path/Frameworks",
				);
				PRODUCT_BUNDLE_IDENTIFIER = fr.ipssi.formation;
				PRODUCT_NAME = "$(TARGET_NAME)";
				SWIFT_VERSION = 4.0;
				TARGETED_DEVICE_FAMILY = "1,2";
			};
			name = Release;
		};
/* End XCBuildConfiguration section */

/* Begin XCConfigurationList section */
		EC0B8D652089E37E000D04AC /* Build configuration list for PBXProject "08_CoreDataAvecAssociations" */ = {
			isa = XCConfigurationList;
			buildConfigurations = (
				EC0B8D7D2089E381000D04AC /* Debug */,
				EC0B8D7E2089E381000D04AC /* Release */,
			);
			defaultConfigurationIsVisible = 0;
			defaultConfigurationName = Release;
		};
		EC0B8D7F2089E381000D04AC /* Build configuration list for PBXNativeTarget "08_CoreDataAvecAssociations" */ = {
			isa = XCConfigurationList;
			buildConfigurations = (
				EC0B8D802089E381000D04AC /* Debug */,
				EC0B8D812089E381000D04AC /* Release */,
			);
			defaultConfigurationIsVisible = 0;
			defaultConfigurationName = Release;
		};
/* End XCConfigurationList section */

/* Begin XCVersionGroup section */
		EC0B8D742089E37E000D04AC /* _8_CoreDataAvecAssociations.xcdatamodeld */ = {
			isa = XCVersionGroup;
			children = (
				EC0B8D752089E37E000D04AC /* _8_CoreDataAvecAssociations.xcdatamodel */,
			);
			currentVersion = EC0B8D752089E37E000D04AC /* _8_CoreDataAvecAssociations.xcdatamodel */;
			path = _8_CoreDataAvecAssociations.xcdatamodeld;
			sourceTree = "<group>";
			versionGroupType = wrapper.xcdatamodel;
		};
/* End XCVersionGroup section */
	};
	rootObject = EC0B8D622089E37E000D04AC /* Project object */;
}
